// !$*UTF8*$!
{
	archiveVersion = 1;
	classes = {
	};
	objectVersion = 51;
	objects = {

/* Begin PBXBuildFile section */
		7EE1ADF525B9106600348C4E /* BusTableViewController.swift in Sources */ = {isa = PBXBuildFile; fileRef = 7EE1ADF425B9106600348C4E /* BusTableViewController.swift */; };
		7EE1ADF825B9109D00348C4E /* BusService.swift in Sources */ = {isa = PBXBuildFile; fileRef = 7EE1ADF725B9109D00348C4E /* BusService.swift */; };
		7EE1ADFB25B910C900348C4E /* BusStops.swift in Sources */ = {isa = PBXBuildFile; fileRef = 7EE1ADFA25B910C900348C4E /* BusStops.swift */; };
		7EE1ADFE25B910FE00348C4E /* LocationDelegate.swift in Sources */ = {isa = PBXBuildFile; fileRef = 7EE1ADFD25B910FE00348C4E /* LocationDelegate.swift */; };
		7EE1AE0125B9118800348C4E /* BusCustomTableViewCell.swift in Sources */ = {isa = PBXBuildFile; fileRef = 7EE1AE0025B9118800348C4E /* BusCustomTableViewCell.swift */; };
		7EE1AE0A25BC23C800348C4E /* CustomUITextField.swift in Sources */ = {isa = PBXBuildFile; fileRef = 7EE1AE0925BC23C800348C4E /* CustomUITextField.swift */; };
		7EE1AE3425C0FA3900348C4E /* MapViewController.swift in Sources */ = {isa = PBXBuildFile; fileRef = 7EE1AE3325C0FA3900348C4E /* MapViewController.swift */; };
		7EE1AE3725C0FA7600348C4E /* CustomAnnotation.swift in Sources */ = {isa = PBXBuildFile; fileRef = 7EE1AE3625C0FA7600348C4E /* CustomAnnotation.swift */; };
		BF5AA9E425A6DBF200409FD4 /* AppDelegate.swift in Sources */ = {isa = PBXBuildFile; fileRef = BF5AA9E325A6DBF200409FD4 /* AppDelegate.swift */; };
		BF5AA9E625A6DBF200409FD4 /* SceneDelegate.swift in Sources */ = {isa = PBXBuildFile; fileRef = BF5AA9E525A6DBF200409FD4 /* SceneDelegate.swift */; };
		BF5AA9E825A6DBF200409FD4 /* ViewController.swift in Sources */ = {isa = PBXBuildFile; fileRef = BF5AA9E725A6DBF200409FD4 /* ViewController.swift */; };
		BF5AA9EB25A6DBF200409FD4 /* Main.storyboard in Resources */ = {isa = PBXBuildFile; fileRef = BF5AA9E925A6DBF200409FD4 /* Main.storyboard */; };
		BF5AA9EE25A6DBF200409FD4 /* MAD2_Assignment.xcdatamodeld in Sources */ = {isa = PBXBuildFile; fileRef = BF5AA9EC25A6DBF200409FD4 /* MAD2_Assignment.xcdatamodeld */; };
		BF5AA9F025A6DBF300409FD4 /* Assets.xcassets in Resources */ = {isa = PBXBuildFile; fileRef = BF5AA9EF25A6DBF300409FD4 /* Assets.xcassets */; };
		BF5AA9F325A6DBF300409FD4 /* LaunchScreen.storyboard in Resources */ = {isa = PBXBuildFile; fileRef = BF5AA9F125A6DBF300409FD4 /* LaunchScreen.storyboard */; };
		BF96F8D125C5342B00036BF2 /* LocationDetail.swift in Sources */ = {isa = PBXBuildFile; fileRef = BF96F8D025C5342B00036BF2 /* LocationDetail.swift */; };
		BF96F8D425C534EA00036BF2 /* CircleImage.swift in Sources */ = {isa = PBXBuildFile; fileRef = BF96F8D325C534EA00036BF2 /* CircleImage.swift */; };
		BF96F8D725C5358400036BF2 /* FavouriteButton.swift in Sources */ = {isa = PBXBuildFile; fileRef = BF96F8D625C5358400036BF2 /* FavouriteButton.swift */; };
		BF96F8DF25C595B900036BF2 /* BookingButton.swift in Sources */ = {isa = PBXBuildFile; fileRef = BF96F8DE25C595B900036BF2 /* BookingButton.swift */; };
		BF96F8EA25C5A1B300036BF2 /* LocationView.swift in Sources */ = {isa = PBXBuildFile; fileRef = BF96F8E925C5A1B300036BF2 /* LocationView.swift */; };
		BF96F8EE25C5A2A700036BF2 /* Seat.swift in Sources */ = {isa = PBXBuildFile; fileRef = BF96F8ED25C5A2A700036BF2 /* Seat.swift */; };
		BF96F8F125C5A41B00036BF2 /* ChairView.swift in Sources */ = {isa = PBXBuildFile; fileRef = BF96F8F025C5A41B00036BF2 /* ChairView.swift */; };
		BF96F8F425C5A5BB00036BF2 /* TableView.swift in Sources */ = {isa = PBXBuildFile; fileRef = BF96F8F325C5A5BB00036BF2 /* TableView.swift */; };
		BF96F8F725C5AC6100036BF2 /* ChairLegendView.swift in Sources */ = {isa = PBXBuildFile; fileRef = BF96F8F625C5AC6100036BF2 /* ChairLegendView.swift */; };
		BF96F8FA25C5AF7E00036BF2 /* SeatsChoiceView.swift in Sources */ = {isa = PBXBuildFile; fileRef = BF96F8F925C5AF7E00036BF2 /* SeatsChoiceView.swift */; };
		BF96F8FD25C5AFF600036BF2 /* BookingDate.swift in Sources */ = {isa = PBXBuildFile; fileRef = BF96F8FC25C5AFF600036BF2 /* BookingDate.swift */; };
		BF96F90525C5B29100036BF2 /* DateTimeView.swift in Sources */ = {isa = PBXBuildFile; fileRef = BF96F90425C5B29100036BF2 /* DateTimeView.swift */; };
		BF96F90825C5B49D00036BF2 /* DateView.swift in Sources */ = {isa = PBXBuildFile; fileRef = BF96F90725C5B49D00036BF2 /* DateView.swift */; };
		BF96F90C25C5B4BA00036BF2 /* DateExt.swift in Sources */ = {isa = PBXBuildFile; fileRef = BF96F90B25C5B4BA00036BF2 /* DateExt.swift */; };
		BF96F91025C5B6A800036BF2 /* DateShape.swift in Sources */ = {isa = PBXBuildFile; fileRef = BF96F90F25C5B6A800036BF2 /* DateShape.swift */; };
		BF96F91325C5B74400036BF2 /* TimeView.swift in Sources */ = {isa = PBXBuildFile; fileRef = BF96F91225C5B74400036BF2 /* TimeView.swift */; };
		BF9C7C7125B9BA8A0015574F /* TaskRepository.swift in Sources */ = {isa = PBXBuildFile; fileRef = BF9C7C7025B9BA8A0015574F /* TaskRepository.swift */; };
		BF9CD3F225C3111B0024BE9C /* BookingLocation.swift in Sources */ = {isa = PBXBuildFile; fileRef = BF9CD3F125C3111B0024BE9C /* BookingLocation.swift */; };
		BF9CD3F925C44E300024BE9C /* bookingLocation.json in Resources */ = {isa = PBXBuildFile; fileRef = BF9CD3F825C44E300024BE9C /* bookingLocation.json */; };
		BF9CD3FC25C44F270024BE9C /* ModelData.swift in Sources */ = {isa = PBXBuildFile; fileRef = BF9CD3FB25C44F270024BE9C /* ModelData.swift */; };
		BF9CD42225C458A20024BE9C /* CategoryRow.swift in Sources */ = {isa = PBXBuildFile; fileRef = BF9CD42125C458A20024BE9C /* CategoryRow.swift */; };
		BF9CD42525C45A000024BE9C /* CategoryItem.swift in Sources */ = {isa = PBXBuildFile; fileRef = BF9CD42425C45A000024BE9C /* CategoryItem.swift */; };
		BFD7B8C925B5CA240073B1D8 /* ToDoListViewController.swift in Sources */ = {isa = PBXBuildFile; fileRef = BFD7B8C825B5CA240073B1D8 /* ToDoListViewController.swift */; };
		BFD7B8CC25B5DA780073B1D8 /* TaskCellViewModel.swift in Sources */ = {isa = PBXBuildFile; fileRef = BFD7B8CB25B5DA780073B1D8 /* TaskCellViewModel.swift */; };
		BFD7B8CF25B5DC0E0073B1D8 /* TaskListViewModel.swift in Sources */ = {isa = PBXBuildFile; fileRef = BFD7B8CE25B5DC0E0073B1D8 /* TaskListViewModel.swift */; };
		BFF3900B25BDCEFB0003DCF1 /* BookingViewController.swift in Sources */ = {isa = PBXBuildFile; fileRef = BFF3900A25BDCEFB0003DCF1 /* BookingViewController.swift */; };
		BFF3902725C30EEE0003DCF1 /* BookingView.swift in Sources */ = {isa = PBXBuildFile; fileRef = BFF3902625C30EEE0003DCF1 /* BookingView.swift */; };
		BFF942AA25B313730052C619 /* Task.swift in Sources */ = {isa = PBXBuildFile; fileRef = BFF942A925B313730052C619 /* Task.swift */; };
		BFF942BB25B31B3B0052C619 /* TaskListView.swift in Sources */ = {isa = PBXBuildFile; fileRef = BFF942BA25B31B3B0052C619 /* TaskListView.swift */; };
		E6433FD725BDA9510009FD73 /* Canteen.swift in Sources */ = {isa = PBXBuildFile; fileRef = E6433FD625BDA9510009FD73 /* Canteen.swift */; };
		E6433FDA25BDA96F0009FD73 /* CanteenViewController.swift in Sources */ = {isa = PBXBuildFile; fileRef = E6433FD925BDA96F0009FD73 /* CanteenViewController.swift */; };
		E6433FEF25BFB2330009FD73 /* CanteenBar.swift in Sources */ = {isa = PBXBuildFile; fileRef = E6433FEE25BFB2330009FD73 /* CanteenBar.swift */; };
		E6FD15E425AFE9E1006A8B33 /* GoogleService-Info.plist in Resources */ = {isa = PBXBuildFile; fileRef = E6FD15E325AFE9E1006A8B33 /* GoogleService-Info.plist */; };
		E6FD15F625B2D9B8006A8B33 /* LoginViewController.swift in Sources */ = {isa = PBXBuildFile; fileRef = E6FD15F525B2D9B8006A8B33 /* LoginViewController.swift */; };
		E6FD161925B86F0E006A8B33 /* Student.swift in Sources */ = {isa = PBXBuildFile; fileRef = E6FD161825B86F0E006A8B33 /* Student.swift */; };
		E6FD163D25B91ADC006A8B33 /* SignUpViewController.swift in Sources */ = {isa = PBXBuildFile; fileRef = E6FD163C25B91ADC006A8B33 /* SignUpViewController.swift */; };
		EDCB55158CE31B2B0C643F7D /* Pods_MAD2_Assignment.framework in Frameworks */ = {isa = PBXBuildFile; fileRef = 3073A313C977BE25F7CC6963 /* Pods_MAD2_Assignment.framework */; };
/* End PBXBuildFile section */

/* Begin PBXFileReference section */
		05D4B0D5E533C1F48DF2DE2A /* Pods-MAD2_Assignment.release.xcconfig */ = {isa = PBXFileReference; includeInIndex = 1; lastKnownFileType = text.xcconfig; name = "Pods-MAD2_Assignment.release.xcconfig"; path = "Target Support Files/Pods-MAD2_Assignment/Pods-MAD2_Assignment.release.xcconfig"; sourceTree = "<group>"; };
		3073A313C977BE25F7CC6963 /* Pods_MAD2_Assignment.framework */ = {isa = PBXFileReference; explicitFileType = wrapper.framework; includeInIndex = 0; path = Pods_MAD2_Assignment.framework; sourceTree = BUILT_PRODUCTS_DIR; };
		7EE1ADF425B9106600348C4E /* BusTableViewController.swift */ = {isa = PBXFileReference; lastKnownFileType = sourcecode.swift; path = BusTableViewController.swift; sourceTree = "<group>"; };
		7EE1ADF725B9109D00348C4E /* BusService.swift */ = {isa = PBXFileReference; lastKnownFileType = sourcecode.swift; path = BusService.swift; sourceTree = "<group>"; };
		7EE1ADFA25B910C900348C4E /* BusStops.swift */ = {isa = PBXFileReference; lastKnownFileType = sourcecode.swift; path = BusStops.swift; sourceTree = "<group>"; };
		7EE1ADFD25B910FE00348C4E /* LocationDelegate.swift */ = {isa = PBXFileReference; lastKnownFileType = sourcecode.swift; path = LocationDelegate.swift; sourceTree = "<group>"; };
		7EE1AE0025B9118800348C4E /* BusCustomTableViewCell.swift */ = {isa = PBXFileReference; lastKnownFileType = sourcecode.swift; path = BusCustomTableViewCell.swift; sourceTree = "<group>"; };
		7EE1AE0925BC23C800348C4E /* CustomUITextField.swift */ = {isa = PBXFileReference; lastKnownFileType = sourcecode.swift; path = CustomUITextField.swift; sourceTree = "<group>"; };
		7EE1AE3325C0FA3900348C4E /* MapViewController.swift */ = {isa = PBXFileReference; lastKnownFileType = sourcecode.swift; path = MapViewController.swift; sourceTree = "<group>"; };
		7EE1AE3625C0FA7600348C4E /* CustomAnnotation.swift */ = {isa = PBXFileReference; lastKnownFileType = sourcecode.swift; path = CustomAnnotation.swift; sourceTree = "<group>"; };
		853D1C70FFF3B0EFD60548E1 /* Pods-MAD2_Assignment.debug.xcconfig */ = {isa = PBXFileReference; includeInIndex = 1; lastKnownFileType = text.xcconfig; name = "Pods-MAD2_Assignment.debug.xcconfig"; path = "Target Support Files/Pods-MAD2_Assignment/Pods-MAD2_Assignment.debug.xcconfig"; sourceTree = "<group>"; };
		BF5AA9E025A6DBF200409FD4 /* MAD2_Assignment.app */ = {isa = PBXFileReference; explicitFileType = wrapper.application; includeInIndex = 0; path = MAD2_Assignment.app; sourceTree = BUILT_PRODUCTS_DIR; };
		BF5AA9E325A6DBF200409FD4 /* AppDelegate.swift */ = {isa = PBXFileReference; lastKnownFileType = sourcecode.swift; path = AppDelegate.swift; sourceTree = "<group>"; };
		BF5AA9E525A6DBF200409FD4 /* SceneDelegate.swift */ = {isa = PBXFileReference; lastKnownFileType = sourcecode.swift; path = SceneDelegate.swift; sourceTree = "<group>"; };
		BF5AA9E725A6DBF200409FD4 /* ViewController.swift */ = {isa = PBXFileReference; lastKnownFileType = sourcecode.swift; path = ViewController.swift; sourceTree = "<group>"; };
		BF5AA9EA25A6DBF200409FD4 /* Base */ = {isa = PBXFileReference; lastKnownFileType = file.storyboard; name = Base; path = Base.lproj/Main.storyboard; sourceTree = "<group>"; };
		BF5AA9ED25A6DBF200409FD4 /* MAD2_Assignment.xcdatamodel */ = {isa = PBXFileReference; lastKnownFileType = wrapper.xcdatamodel; path = MAD2_Assignment.xcdatamodel; sourceTree = "<group>"; };
		BF5AA9EF25A6DBF300409FD4 /* Assets.xcassets */ = {isa = PBXFileReference; lastKnownFileType = folder.assetcatalog; path = Assets.xcassets; sourceTree = "<group>"; };
		BF5AA9F225A6DBF300409FD4 /* Base */ = {isa = PBXFileReference; lastKnownFileType = file.storyboard; name = Base; path = Base.lproj/LaunchScreen.storyboard; sourceTree = "<group>"; };
		BF5AA9F425A6DBF300409FD4 /* Info.plist */ = {isa = PBXFileReference; lastKnownFileType = text.plist.xml; path = Info.plist; sourceTree = "<group>"; };
		BF96F8D025C5342B00036BF2 /* LocationDetail.swift */ = {isa = PBXFileReference; lastKnownFileType = sourcecode.swift; path = LocationDetail.swift; sourceTree = "<group>"; };
		BF96F8D325C534EA00036BF2 /* CircleImage.swift */ = {isa = PBXFileReference; lastKnownFileType = sourcecode.swift; path = CircleImage.swift; sourceTree = "<group>"; };
		BF96F8D625C5358400036BF2 /* FavouriteButton.swift */ = {isa = PBXFileReference; lastKnownFileType = sourcecode.swift; path = FavouriteButton.swift; sourceTree = "<group>"; };
		BF96F8DE25C595B900036BF2 /* BookingButton.swift */ = {isa = PBXFileReference; lastKnownFileType = sourcecode.swift; path = BookingButton.swift; sourceTree = "<group>"; };
		BF96F8E925C5A1B300036BF2 /* LocationView.swift */ = {isa = PBXFileReference; lastKnownFileType = sourcecode.swift; path = LocationView.swift; sourceTree = "<group>"; };
		BF96F8ED25C5A2A700036BF2 /* Seat.swift */ = {isa = PBXFileReference; lastKnownFileType = sourcecode.swift; path = Seat.swift; sourceTree = "<group>"; };
		BF96F8F025C5A41B00036BF2 /* ChairView.swift */ = {isa = PBXFileReference; lastKnownFileType = sourcecode.swift; path = ChairView.swift; sourceTree = "<group>"; };
		BF96F8F325C5A5BB00036BF2 /* TableView.swift */ = {isa = PBXFileReference; lastKnownFileType = sourcecode.swift; path = TableView.swift; sourceTree = "<group>"; };
		BF96F8F625C5AC6100036BF2 /* ChairLegendView.swift */ = {isa = PBXFileReference; lastKnownFileType = sourcecode.swift; path = ChairLegendView.swift; sourceTree = "<group>"; };
		BF96F8F925C5AF7E00036BF2 /* SeatsChoiceView.swift */ = {isa = PBXFileReference; lastKnownFileType = sourcecode.swift; path = SeatsChoiceView.swift; sourceTree = "<group>"; };
		BF96F8FC25C5AFF600036BF2 /* BookingDate.swift */ = {isa = PBXFileReference; lastKnownFileType = sourcecode.swift; path = BookingDate.swift; sourceTree = "<group>"; };
		BF96F90425C5B29100036BF2 /* DateTimeView.swift */ = {isa = PBXFileReference; lastKnownFileType = sourcecode.swift; path = DateTimeView.swift; sourceTree = "<group>"; };
		BF96F90725C5B49D00036BF2 /* DateView.swift */ = {isa = PBXFileReference; lastKnownFileType = sourcecode.swift; path = DateView.swift; sourceTree = "<group>"; };
		BF96F90B25C5B4BA00036BF2 /* DateExt.swift */ = {isa = PBXFileReference; lastKnownFileType = sourcecode.swift; path = DateExt.swift; sourceTree = "<group>"; };
		BF96F90F25C5B6A800036BF2 /* DateShape.swift */ = {isa = PBXFileReference; lastKnownFileType = sourcecode.swift; path = DateShape.swift; sourceTree = "<group>"; };
		BF96F91225C5B74400036BF2 /* TimeView.swift */ = {isa = PBXFileReference; lastKnownFileType = sourcecode.swift; path = TimeView.swift; sourceTree = "<group>"; };
		BF9C7C7025B9BA8A0015574F /* TaskRepository.swift */ = {isa = PBXFileReference; lastKnownFileType = sourcecode.swift; path = TaskRepository.swift; sourceTree = "<group>"; };
		BF9CD3F125C3111B0024BE9C /* BookingLocation.swift */ = {isa = PBXFileReference; lastKnownFileType = sourcecode.swift; path = BookingLocation.swift; sourceTree = "<group>"; };
		BF9CD3F825C44E300024BE9C /* bookingLocation.json */ = {isa = PBXFileReference; fileEncoding = 4; lastKnownFileType = text.json; name = bookingLocation.json; path = ../../bookingLocation.json; sourceTree = "<group>"; };
		BF9CD3FB25C44F270024BE9C /* ModelData.swift */ = {isa = PBXFileReference; lastKnownFileType = sourcecode.swift; path = ModelData.swift; sourceTree = "<group>"; };
		BF9CD42125C458A20024BE9C /* CategoryRow.swift */ = {isa = PBXFileReference; lastKnownFileType = sourcecode.swift; path = CategoryRow.swift; sourceTree = "<group>"; };
		BF9CD42425C45A000024BE9C /* CategoryItem.swift */ = {isa = PBXFileReference; lastKnownFileType = sourcecode.swift; path = CategoryItem.swift; sourceTree = "<group>"; };
		BFD7B8C825B5CA240073B1D8 /* ToDoListViewController.swift */ = {isa = PBXFileReference; lastKnownFileType = sourcecode.swift; path = ToDoListViewController.swift; sourceTree = "<group>"; };
		BFD7B8CB25B5DA780073B1D8 /* TaskCellViewModel.swift */ = {isa = PBXFileReference; lastKnownFileType = sourcecode.swift; path = TaskCellViewModel.swift; sourceTree = "<group>"; };
		BFD7B8CE25B5DC0E0073B1D8 /* TaskListViewModel.swift */ = {isa = PBXFileReference; lastKnownFileType = sourcecode.swift; path = TaskListViewModel.swift; sourceTree = "<group>"; };
		BFF3900A25BDCEFB0003DCF1 /* BookingViewController.swift */ = {isa = PBXFileReference; lastKnownFileType = sourcecode.swift; path = BookingViewController.swift; sourceTree = "<group>"; };
		BFF3902625C30EEE0003DCF1 /* BookingView.swift */ = {isa = PBXFileReference; lastKnownFileType = sourcecode.swift; path = BookingView.swift; sourceTree = "<group>"; };
		BFF942A925B313730052C619 /* Task.swift */ = {isa = PBXFileReference; lastKnownFileType = sourcecode.swift; path = Task.swift; sourceTree = "<group>"; };
		BFF942BA25B31B3B0052C619 /* TaskListView.swift */ = {isa = PBXFileReference; lastKnownFileType = sourcecode.swift; name = TaskListView.swift; path = MAD2_Assignment/TaskListView.swift; sourceTree = SOURCE_ROOT; };
		E6433FD625BDA9510009FD73 /* Canteen.swift */ = {isa = PBXFileReference; lastKnownFileType = sourcecode.swift; path = Canteen.swift; sourceTree = "<group>"; };
		E6433FD925BDA96F0009FD73 /* CanteenViewController.swift */ = {isa = PBXFileReference; lastKnownFileType = sourcecode.swift; path = CanteenViewController.swift; sourceTree = "<group>"; };
		E6433FEE25BFB2330009FD73 /* CanteenBar.swift */ = {isa = PBXFileReference; lastKnownFileType = sourcecode.swift; path = CanteenBar.swift; sourceTree = "<group>"; };
		E6FD15E325AFE9E1006A8B33 /* GoogleService-Info.plist */ = {isa = PBXFileReference; fileEncoding = 4; lastKnownFileType = text.plist.xml; path = "GoogleService-Info.plist"; sourceTree = "<group>"; };
		E6FD15F525B2D9B8006A8B33 /* LoginViewController.swift */ = {isa = PBXFileReference; lastKnownFileType = sourcecode.swift; path = LoginViewController.swift; sourceTree = "<group>"; };
		E6FD161825B86F0E006A8B33 /* Student.swift */ = {isa = PBXFileReference; lastKnownFileType = sourcecode.swift; path = Student.swift; sourceTree = "<group>"; };
		E6FD163C25B91ADC006A8B33 /* SignUpViewController.swift */ = {isa = PBXFileReference; lastKnownFileType = sourcecode.swift; path = SignUpViewController.swift; sourceTree = "<group>"; };
/* End PBXFileReference section */

/* Begin PBXFrameworksBuildPhase section */
		BF5AA9DD25A6DBF200409FD4 /* Frameworks */ = {
			isa = PBXFrameworksBuildPhase;
			buildActionMask = 2147483647;
			files = (
				EDCB55158CE31B2B0C643F7D /* Pods_MAD2_Assignment.framework in Frameworks */,
			);
			runOnlyForDeploymentPostprocessing = 0;
		};
/* End PBXFrameworksBuildPhase section */

/* Begin PBXGroup section */
		BF5AA9D725A6DBF200409FD4 = {
			isa = PBXGroup;
			children = (
				BF5AA9E225A6DBF200409FD4 /* MAD2_Assignment */,
				BF5AA9E125A6DBF200409FD4 /* Products */,
				C9DBE5E1D9FC6192B9ED08A0 /* Pods */,
				CDF80A51F03A4CA2E21BF876 /* Frameworks */,
			);
			sourceTree = "<group>";
		};
		BF5AA9E125A6DBF200409FD4 /* Products */ = {
			isa = PBXGroup;
			children = (
				BF5AA9E025A6DBF200409FD4 /* MAD2_Assignment.app */,
			);
			name = Products;
			sourceTree = "<group>";
		};
		BF5AA9E225A6DBF200409FD4 /* MAD2_Assignment */ = {
			isa = PBXGroup;
			children = (
				BF5AA9E325A6DBF200409FD4 /* AppDelegate.swift */,
				BF5AA9E925A6DBF200409FD4 /* Main.storyboard */,
				7EE1AE3325C0FA3900348C4E /* MapViewController.swift */,
				7EE1AE3625C0FA7600348C4E /* CustomAnnotation.swift */,
				7EE1AE0025B9118800348C4E /* BusCustomTableViewCell.swift */,
				7EE1ADF425B9106600348C4E /* BusTableViewController.swift */,
				7EE1ADFD25B910FE00348C4E /* LocationDelegate.swift */,
				7EE1ADF725B9109D00348C4E /* BusService.swift */,
				7EE1ADFA25B910C900348C4E /* BusStops.swift */,
				BFD7B8C825B5CA240073B1D8 /* ToDoListViewController.swift */,
				BFF3900A25BDCEFB0003DCF1 /* BookingViewController.swift */,
				BFF3902625C30EEE0003DCF1 /* BookingView.swift */,
				BF9CD3F825C44E300024BE9C /* bookingLocation.json */,
				BF9CD3F125C3111B0024BE9C /* BookingLocation.swift */,
				BF9CD42125C458A20024BE9C /* CategoryRow.swift */,
				BF96F8D025C5342B00036BF2 /* LocationDetail.swift */,
				BF96F8E925C5A1B300036BF2 /* LocationView.swift */,
				BF96F8F925C5AF7E00036BF2 /* SeatsChoiceView.swift */,
				BF96F90425C5B29100036BF2 /* DateTimeView.swift */,
				BF96F90725C5B49D00036BF2 /* DateView.swift */,
				BF96F91225C5B74400036BF2 /* TimeView.swift */,
				BF96F90F25C5B6A800036BF2 /* DateShape.swift */,
				BF96F90A25C5B4A100036BF2 /* Extensions */,
				BF96F8FC25C5AFF600036BF2 /* BookingDate.swift */,
				BF96F8F625C5AC6100036BF2 /* ChairLegendView.swift */,
				BF96F8F025C5A41B00036BF2 /* ChairView.swift */,
				BF96F8F325C5A5BB00036BF2 /* TableView.swift */,
				BF96F8ED25C5A2A700036BF2 /* Seat.swift */,
				BF96F8DE25C595B900036BF2 /* BookingButton.swift */,
				BF96F8D625C5358400036BF2 /* FavouriteButton.swift */,
				BF96F8D325C534EA00036BF2 /* CircleImage.swift */,
				BF9CD42425C45A000024BE9C /* CategoryItem.swift */,
				BF9CD3FB25C44F270024BE9C /* ModelData.swift */,
				BF5AA9E525A6DBF200409FD4 /* SceneDelegate.swift */,
				BF5AA9E725A6DBF200409FD4 /* ViewController.swift */,
				E6FD15F525B2D9B8006A8B33 /* LoginViewController.swift */,
				E6433FD625BDA9510009FD73 /* Canteen.swift */,
				E6433FD925BDA96F0009FD73 /* CanteenViewController.swift */,
				E6433FEE25BFB2330009FD73 /* CanteenBar.swift */,
				7EE1AE0925BC23C800348C4E /* CustomUITextField.swift */,
				BF9C7C7025B9BA8A0015574F /* TaskRepository.swift */,
				E6FD163C25B91ADC006A8B33 /* SignUpViewController.swift */,
				BFD7B8CB25B5DA780073B1D8 /* TaskCellViewModel.swift */,
				BFD7B8CE25B5DC0E0073B1D8 /* TaskListViewModel.swift */,
				E6FD161825B86F0E006A8B33 /* Student.swift */,
				BFF942BA25B31B3B0052C619 /* TaskListView.swift */,
				BFF942A925B313730052C619 /* Task.swift */,
				BF5AA9EF25A6DBF300409FD4 /* Assets.xcassets */,
				BF5AA9F125A6DBF300409FD4 /* LaunchScreen.storyboard */,
				BF5AA9F425A6DBF300409FD4 /* Info.plist */,
				E6FD15E325AFE9E1006A8B33 /* GoogleService-Info.plist */,
				BF5AA9EC25A6DBF200409FD4 /* MAD2_Assignment.xcdatamodeld */,
			);
			path = MAD2_Assignment;
			sourceTree = "<group>";
		};
		BF96F90A25C5B4A100036BF2 /* Extensions */ = {
			isa = PBXGroup;
			children = (
				BF96F90B25C5B4BA00036BF2 /* DateExt.swift */,
			);
			path = Extensions;
			sourceTree = "<group>";
		};
		C9DBE5E1D9FC6192B9ED08A0 /* Pods */ = {
			isa = PBXGroup;
			children = (
				853D1C70FFF3B0EFD60548E1 /* Pods-MAD2_Assignment.debug.xcconfig */,
				05D4B0D5E533C1F48DF2DE2A /* Pods-MAD2_Assignment.release.xcconfig */,
			);
			path = Pods;
			sourceTree = "<group>";
		};
		CDF80A51F03A4CA2E21BF876 /* Frameworks */ = {
			isa = PBXGroup;
			children = (
				3073A313C977BE25F7CC6963 /* Pods_MAD2_Assignment.framework */,
			);
			name = Frameworks;
			sourceTree = "<group>";
		};
/* End PBXGroup section */

/* Begin PBXNativeTarget section */
		BF5AA9DF25A6DBF200409FD4 /* MAD2_Assignment */ = {
			isa = PBXNativeTarget;
			buildConfigurationList = BF5AA9F725A6DBF300409FD4 /* Build configuration list for PBXNativeTarget "MAD2_Assignment" */;
			buildPhases = (
				080EDA5CCFE1E4E930BC4CF1 /* [CP] Check Pods Manifest.lock */,
				BF5AA9DC25A6DBF200409FD4 /* Sources */,
				BF5AA9DD25A6DBF200409FD4 /* Frameworks */,
				BF5AA9DE25A6DBF200409FD4 /* Resources */,
				6E462E1505B9F5D5AD91D2C9 /* [CP] Embed Pods Frameworks */,
			);
			buildRules = (
			);
			dependencies = (
			);
			name = MAD2_Assignment;
			productName = MAD2_Assignment;
			productReference = BF5AA9E025A6DBF200409FD4 /* MAD2_Assignment.app */;
			productType = "com.apple.product-type.application";
		};
/* End PBXNativeTarget section */

/* Begin PBXProject section */
		BF5AA9D825A6DBF200409FD4 /* Project object */ = {
			isa = PBXProject;
			attributes = {
				LastSwiftUpdateCheck = 1210;
				LastUpgradeCheck = 1210;
				TargetAttributes = {
					BF5AA9DF25A6DBF200409FD4 = {
						CreatedOnToolsVersion = 12.1;
					};
				};
			};
			buildConfigurationList = BF5AA9DB25A6DBF200409FD4 /* Build configuration list for PBXProject "MAD2_Assignment" */;
			compatibilityVersion = "Xcode 9.3";
			developmentRegion = en;
			hasScannedForEncodings = 0;
			knownRegions = (
				en,
				Base,
			);
			mainGroup = BF5AA9D725A6DBF200409FD4;
			productRefGroup = BF5AA9E125A6DBF200409FD4 /* Products */;
			projectDirPath = "";
			projectRoot = "";
			targets = (
				BF5AA9DF25A6DBF200409FD4 /* MAD2_Assignment */,
			);
		};
/* End PBXProject section */

/* Begin PBXResourcesBuildPhase section */
		BF5AA9DE25A6DBF200409FD4 /* Resources */ = {
			isa = PBXResourcesBuildPhase;
			buildActionMask = 2147483647;
			files = (
				BF5AA9F325A6DBF300409FD4 /* LaunchScreen.storyboard in Resources */,
				E6FD15E425AFE9E1006A8B33 /* GoogleService-Info.plist in Resources */,
				BF9CD3F925C44E300024BE9C /* bookingLocation.json in Resources */,
				BF5AA9F025A6DBF300409FD4 /* Assets.xcassets in Resources */,
				BF5AA9EB25A6DBF200409FD4 /* Main.storyboard in Resources */,
			);
			runOnlyForDeploymentPostprocessing = 0;
		};
/* End PBXResourcesBuildPhase section */

/* Begin PBXShellScriptBuildPhase section */
		080EDA5CCFE1E4E930BC4CF1 /* [CP] Check Pods Manifest.lock */ = {
			isa = PBXShellScriptBuildPhase;
			buildActionMask = 2147483647;
			files = (
			);
			inputFileListPaths = (
			);
			inputPaths = (
				"${PODS_PODFILE_DIR_PATH}/Podfile.lock",
				"${PODS_ROOT}/Manifest.lock",
			);
			name = "[CP] Check Pods Manifest.lock";
			outputFileListPaths = (
			);
			outputPaths = (
				"$(DERIVED_FILE_DIR)/Pods-MAD2_Assignment-checkManifestLockResult.txt",
			);
			runOnlyForDeploymentPostprocessing = 0;
			shellPath = /bin/sh;
			shellScript = "diff \"${PODS_PODFILE_DIR_PATH}/Podfile.lock\" \"${PODS_ROOT}/Manifest.lock\" > /dev/null\nif [ $? != 0 ] ; then\n    # print error to STDERR\n    echo \"error: The sandbox is not in sync with the Podfile.lock. Run 'pod install' or update your CocoaPods installation.\" >&2\n    exit 1\nfi\n# This output is used by Xcode 'outputs' to avoid re-running this script phase.\necho \"SUCCESS\" > \"${SCRIPT_OUTPUT_FILE_0}\"\n";
			showEnvVarsInLog = 0;
		};
		6E462E1505B9F5D5AD91D2C9 /* [CP] Embed Pods Frameworks */ = {
			isa = PBXShellScriptBuildPhase;
			buildActionMask = 2147483647;
			files = (
			);
			inputFileListPaths = (
				"${PODS_ROOT}/Target Support Files/Pods-MAD2_Assignment/Pods-MAD2_Assignment-frameworks-${CONFIGURATION}-input-files.xcfilelist",
			);
			name = "[CP] Embed Pods Frameworks";
			outputFileListPaths = (
				"${PODS_ROOT}/Target Support Files/Pods-MAD2_Assignment/Pods-MAD2_Assignment-frameworks-${CONFIGURATION}-output-files.xcfilelist",
			);
			runOnlyForDeploymentPostprocessing = 0;
			shellPath = /bin/sh;
			shellScript = "\"${PODS_ROOT}/Target Support Files/Pods-MAD2_Assignment/Pods-MAD2_Assignment-frameworks.sh\"\n";
			showEnvVarsInLog = 0;
		};
/* End PBXShellScriptBuildPhase section */

/* Begin PBXSourcesBuildPhase section */
		BF5AA9DC25A6DBF200409FD4 /* Sources */ = {
			isa = PBXSourcesBuildPhase;
			buildActionMask = 2147483647;
			files = (
				BFD7B8C925B5CA240073B1D8 /* ToDoListViewController.swift in Sources */,
				BF96F8D425C534EA00036BF2 /* CircleImage.swift in Sources */,
				BFF942BB25B31B3B0052C619 /* TaskListView.swift in Sources */,
				BF96F90C25C5B4BA00036BF2 /* DateExt.swift in Sources */,
				E6433FEF25BFB2330009FD73 /* CanteenBar.swift in Sources */,
				BF9CD3F225C3111B0024BE9C /* BookingLocation.swift in Sources */,
				7EE1ADF825B9109D00348C4E /* BusService.swift in Sources */,
				BF96F91025C5B6A800036BF2 /* DateShape.swift in Sources */,
				BFF942AA25B313730052C619 /* Task.swift in Sources */,
				BF96F90825C5B49D00036BF2 /* DateView.swift in Sources */,
				7EE1ADFE25B910FE00348C4E /* LocationDelegate.swift in Sources */,
				E6FD163D25B91ADC006A8B33 /* SignUpViewController.swift in Sources */,
				7EE1AE0A25BC23C800348C4E /* CustomUITextField.swift in Sources */,
				E6433FDA25BDA96F0009FD73 /* CanteenViewController.swift in Sources */,
				BF96F8DF25C595B900036BF2 /* BookingButton.swift in Sources */,
				BF9C7C7125B9BA8A0015574F /* TaskRepository.swift in Sources */,
				E6FD161925B86F0E006A8B33 /* Student.swift in Sources */,
				BF96F8EE25C5A2A700036BF2 /* Seat.swift in Sources */,
				7EE1AE3425C0FA3900348C4E /* MapViewController.swift in Sources */,
				BF96F91325C5B74400036BF2 /* TimeView.swift in Sources */,
				BF9CD3FC25C44F270024BE9C /* ModelData.swift in Sources */,
				BF5AA9EE25A6DBF200409FD4 /* MAD2_Assignment.xcdatamodeld in Sources */,
				BF96F8F725C5AC6100036BF2 /* ChairLegendView.swift in Sources */,
				BF5AA9E825A6DBF200409FD4 /* ViewController.swift in Sources */,
				BF9CD42225C458A20024BE9C /* CategoryRow.swift in Sources */,
				BF96F8D725C5358400036BF2 /* FavouriteButton.swift in Sources */,
				BF96F8FA25C5AF7E00036BF2 /* SeatsChoiceView.swift in Sources */,
				BFF3900B25BDCEFB0003DCF1 /* BookingViewController.swift in Sources */,
				BF5AA9E425A6DBF200409FD4 /* AppDelegate.swift in Sources */,
				BFD7B8CC25B5DA780073B1D8 /* TaskCellViewModel.swift in Sources */,
				BF96F8FD25C5AFF600036BF2 /* BookingDate.swift in Sources */,
				BF96F90525C5B29100036BF2 /* DateTimeView.swift in Sources */,
				7EE1ADF525B9106600348C4E /* BusTableViewController.swift in Sources */,
				BFF3902725C30EEE0003DCF1 /* BookingView.swift in Sources */,
				E6433FD725BDA9510009FD73 /* Canteen.swift in Sources */,
				BF96F8D125C5342B00036BF2 /* LocationDetail.swift in Sources */,
				BFD7B8CF25B5DC0E0073B1D8 /* TaskListViewModel.swift in Sources */,
				BF96F8F125C5A41B00036BF2 /* ChairView.swift in Sources */,
				E6FD15F625B2D9B8006A8B33 /* LoginViewController.swift in Sources */,
				7EE1ADFB25B910C900348C4E /* BusStops.swift in Sources */,
				BF5AA9E625A6DBF200409FD4 /* SceneDelegate.swift in Sources */,
				7EE1AE0125B9118800348C4E /* BusCustomTableViewCell.swift in Sources */,
				BF96F8EA25C5A1B300036BF2 /* LocationView.swift in Sources */,
				BF9CD42525C45A000024BE9C /* CategoryItem.swift in Sources */,
				7EE1AE3725C0FA7600348C4E /* CustomAnnotation.swift in Sources */,
				BF96F8F425C5A5BB00036BF2 /* TableView.swift in Sources */,
			);
			runOnlyForDeploymentPostprocessing = 0;
		};
/* End PBXSourcesBuildPhase section */

/* Begin PBXVariantGroup section */
		BF5AA9E925A6DBF200409FD4 /* Main.storyboard */ = {
			isa = PBXVariantGroup;
			children = (
				BF5AA9EA25A6DBF200409FD4 /* Base */,
			);
			name = Main.storyboard;
			sourceTree = "<group>";
		};
		BF5AA9F125A6DBF300409FD4 /* LaunchScreen.storyboard */ = {
			isa = PBXVariantGroup;
			children = (
				BF5AA9F225A6DBF300409FD4 /* Base */,
			);
			name = LaunchScreen.storyboard;
			sourceTree = "<group>";
		};
/* End PBXVariantGroup section */

/* Begin XCBuildConfiguration section */
		BF5AA9F525A6DBF300409FD4 /* Debug */ = {
			isa = XCBuildConfiguration;
			buildSettings = {
				ALWAYS_SEARCH_USER_PATHS = NO;
				CLANG_ANALYZER_NONNULL = YES;
				CLANG_ANALYZER_NUMBER_OBJECT_CONVERSION = YES_AGGRESSIVE;
				CLANG_CXX_LANGUAGE_STANDARD = "gnu++14";
				CLANG_CXX_LIBRARY = "libc++";
				CLANG_ENABLE_MODULES = YES;
				CLANG_ENABLE_OBJC_ARC = YES;
				CLANG_ENABLE_OBJC_WEAK = YES;
				CLANG_WARN_BLOCK_CAPTURE_AUTORELEASING = YES;
				CLANG_WARN_BOOL_CONVERSION = YES;
				CLANG_WARN_COMMA = YES;
				CLANG_WARN_CONSTANT_CONVERSION = YES;
				CLANG_WARN_DEPRECATED_OBJC_IMPLEMENTATIONS = YES;
				CLANG_WARN_DIRECT_OBJC_ISA_USAGE = YES_ERROR;
				CLANG_WARN_DOCUMENTATION_COMMENTS = YES;
				CLANG_WARN_EMPTY_BODY = YES;
				CLANG_WARN_ENUM_CONVERSION = YES;
				CLANG_WARN_INFINITE_RECURSION = YES;
				CLANG_WARN_INT_CONVERSION = YES;
				CLANG_WARN_NON_LITERAL_NULL_CONVERSION = YES;
				CLANG_WARN_OBJC_IMPLICIT_RETAIN_SELF = YES;
				CLANG_WARN_OBJC_LITERAL_CONVERSION = YES;
				CLANG_WARN_OBJC_ROOT_CLASS = YES_ERROR;
				CLANG_WARN_QUOTED_INCLUDE_IN_FRAMEWORK_HEADER = YES;
				CLANG_WARN_RANGE_LOOP_ANALYSIS = YES;
				CLANG_WARN_STRICT_PROTOTYPES = YES;
				CLANG_WARN_SUSPICIOUS_MOVE = YES;
				CLANG_WARN_UNGUARDED_AVAILABILITY = YES_AGGRESSIVE;
				CLANG_WARN_UNREACHABLE_CODE = YES;
				CLANG_WARN__DUPLICATE_METHOD_MATCH = YES;
				COPY_PHASE_STRIP = NO;
				DEBUG_INFORMATION_FORMAT = dwarf;
				ENABLE_STRICT_OBJC_MSGSEND = YES;
				ENABLE_TESTABILITY = YES;
				GCC_C_LANGUAGE_STANDARD = gnu11;
				GCC_DYNAMIC_NO_PIC = NO;
				GCC_NO_COMMON_BLOCKS = YES;
				GCC_OPTIMIZATION_LEVEL = 0;
				GCC_PREPROCESSOR_DEFINITIONS = (
					"DEBUG=1",
					"$(inherited)",
				);
				GCC_WARN_64_TO_32_BIT_CONVERSION = YES;
				GCC_WARN_ABOUT_RETURN_TYPE = YES_ERROR;
				GCC_WARN_UNDECLARED_SELECTOR = YES;
				GCC_WARN_UNINITIALIZED_AUTOS = YES_AGGRESSIVE;
				GCC_WARN_UNUSED_FUNCTION = YES;
				GCC_WARN_UNUSED_VARIABLE = YES;
				IPHONEOS_DEPLOYMENT_TARGET = 14.1;
				MTL_ENABLE_DEBUG_INFO = INCLUDE_SOURCE;
				MTL_FAST_MATH = YES;
				ONLY_ACTIVE_ARCH = YES;
				SDKROOT = iphoneos;
				SWIFT_ACTIVE_COMPILATION_CONDITIONS = DEBUG;
				SWIFT_OPTIMIZATION_LEVEL = "-Onone";
			};
			name = Debug;
		};
		BF5AA9F625A6DBF300409FD4 /* Release */ = {
			isa = XCBuildConfiguration;
			buildSettings = {
				ALWAYS_SEARCH_USER_PATHS = NO;
				CLANG_ANALYZER_NONNULL = YES;
				CLANG_ANALYZER_NUMBER_OBJECT_CONVERSION = YES_AGGRESSIVE;
				CLANG_CXX_LANGUAGE_STANDARD = "gnu++14";
				CLANG_CXX_LIBRARY = "libc++";
				CLANG_ENABLE_MODULES = YES;
				CLANG_ENABLE_OBJC_ARC = YES;
				CLANG_ENABLE_OBJC_WEAK = YES;
				CLANG_WARN_BLOCK_CAPTURE_AUTORELEASING = YES;
				CLANG_WARN_BOOL_CONVERSION = YES;
				CLANG_WARN_COMMA = YES;
				CLANG_WARN_CONSTANT_CONVERSION = YES;
				CLANG_WARN_DEPRECATED_OBJC_IMPLEMENTATIONS = YES;
				CLANG_WARN_DIRECT_OBJC_ISA_USAGE = YES_ERROR;
				CLANG_WARN_DOCUMENTATION_COMMENTS = YES;
				CLANG_WARN_EMPTY_BODY = YES;
				CLANG_WARN_ENUM_CONVERSION = YES;
				CLANG_WARN_INFINITE_RECURSION = YES;
				CLANG_WARN_INT_CONVERSION = YES;
				CLANG_WARN_NON_LITERAL_NULL_CONVERSION = YES;
				CLANG_WARN_OBJC_IMPLICIT_RETAIN_SELF = YES;
				CLANG_WARN_OBJC_LITERAL_CONVERSION = YES;
				CLANG_WARN_OBJC_ROOT_CLASS = YES_ERROR;
				CLANG_WARN_QUOTED_INCLUDE_IN_FRAMEWORK_HEADER = YES;
				CLANG_WARN_RANGE_LOOP_ANALYSIS = YES;
				CLANG_WARN_STRICT_PROTOTYPES = YES;
				CLANG_WARN_SUSPICIOUS_MOVE = YES;
				CLANG_WARN_UNGUARDED_AVAILABILITY = YES_AGGRESSIVE;
				CLANG_WARN_UNREACHABLE_CODE = YES;
				CLANG_WARN__DUPLICATE_METHOD_MATCH = YES;
				COPY_PHASE_STRIP = NO;
				DEBUG_INFORMATION_FORMAT = "dwarf-with-dsym";
				ENABLE_NS_ASSERTIONS = NO;
				ENABLE_STRICT_OBJC_MSGSEND = YES;
				GCC_C_LANGUAGE_STANDARD = gnu11;
				GCC_NO_COMMON_BLOCKS = YES;
				GCC_WARN_64_TO_32_BIT_CONVERSION = YES;
				GCC_WARN_ABOUT_RETURN_TYPE = YES_ERROR;
				GCC_WARN_UNDECLARED_SELECTOR = YES;
				GCC_WARN_UNINITIALIZED_AUTOS = YES_AGGRESSIVE;
				GCC_WARN_UNUSED_FUNCTION = YES;
				GCC_WARN_UNUSED_VARIABLE = YES;
				IPHONEOS_DEPLOYMENT_TARGET = 14.1;
				MTL_ENABLE_DEBUG_INFO = NO;
				MTL_FAST_MATH = YES;
				SDKROOT = iphoneos;
				SWIFT_COMPILATION_MODE = wholemodule;
				SWIFT_OPTIMIZATION_LEVEL = "-O";
				VALIDATE_PRODUCT = YES;
			};
			name = Release;
		};
		BF5AA9F825A6DBF300409FD4 /* Debug */ = {
			isa = XCBuildConfiguration;
			baseConfigurationReference = 853D1C70FFF3B0EFD60548E1 /* Pods-MAD2_Assignment.debug.xcconfig */;
			buildSettings = {
				ASSETCATALOG_COMPILER_APPICON_NAME = AppIcon;
				ASSETCATALOG_COMPILER_GLOBAL_ACCENT_COLOR_NAME = AccentColor;
				CODE_SIGN_STYLE = Automatic;
				DEVELOPMENT_TEAM = "";
				INFOPLIST_FILE = MAD2_Assignment/Info.plist;
				LD_RUNPATH_SEARCH_PATHS = (
					"$(inherited)",
					"@executable_path/Frameworks",
				);
				NEW_SETTING = "";
				PODS_ROOT = "${PROJECT_DIR}/Pods/";
				PRODUCT_BUNDLE_IDENTIFIER = "sg.mad2.MAD2-Assignment";
				PRODUCT_NAME = "$(TARGET_NAME)";
				SWIFT_VERSION = 5.0;
				TARGETED_DEVICE_FAMILY = "1,2";
			};
			name = Debug;
		};
		BF5AA9F925A6DBF300409FD4 /* Release */ = {
			isa = XCBuildConfiguration;
			baseConfigurationReference = 05D4B0D5E533C1F48DF2DE2A /* Pods-MAD2_Assignment.release.xcconfig */;
			buildSettings = {
				ASSETCATALOG_COMPILER_APPICON_NAME = AppIcon;
				ASSETCATALOG_COMPILER_GLOBAL_ACCENT_COLOR_NAME = AccentColor;
				CODE_SIGN_STYLE = Automatic;
				DEVELOPMENT_TEAM = GZ6276M4B7;
				INFOPLIST_FILE = MAD2_Assignment/Info.plist;
				LD_RUNPATH_SEARCH_PATHS = (
					"$(inherited)",
					"@executable_path/Frameworks",
				);
				NEW_SETTING = "";
				PODS_ROOT = "${PROJECT_DIR}/Pods/";
				PRODUCT_BUNDLE_IDENTIFIER = "sg.mad2.MAD2-Assignment";
				PRODUCT_NAME = "$(TARGET_NAME)";
				SWIFT_VERSION = 5.0;
				TARGETED_DEVICE_FAMILY = "1,2";
			};
			name = Release;
		};
/* End XCBuildConfiguration section */

/* Begin XCConfigurationList section */
		BF5AA9DB25A6DBF200409FD4 /* Build configuration list for PBXProject "MAD2_Assignment" */ = {
			isa = XCConfigurationList;
			buildConfigurations = (
				BF5AA9F525A6DBF300409FD4 /* Debug */,
				BF5AA9F625A6DBF300409FD4 /* Release */,
			);
			defaultConfigurationIsVisible = 0;
			defaultConfigurationName = Release;
		};
		BF5AA9F725A6DBF300409FD4 /* Build configuration list for PBXNativeTarget "MAD2_Assignment" */ = {
			isa = XCConfigurationList;
			buildConfigurations = (
				BF5AA9F825A6DBF300409FD4 /* Debug */,
				BF5AA9F925A6DBF300409FD4 /* Release */,
			);
			defaultConfigurationIsVisible = 0;
			defaultConfigurationName = Release;
		};
/* End XCConfigurationList section */

/* Begin XCVersionGroup section */
		BF5AA9EC25A6DBF200409FD4 /* MAD2_Assignment.xcdatamodeld */ = {
			isa = XCVersionGroup;
			children = (
				BF5AA9ED25A6DBF200409FD4 /* MAD2_Assignment.xcdatamodel */,
			);
			currentVersion = BF5AA9ED25A6DBF200409FD4 /* MAD2_Assignment.xcdatamodel */;
			path = MAD2_Assignment.xcdatamodeld;
			sourceTree = "<group>";
			versionGroupType = wrapper.xcdatamodel;
		};
/* End XCVersionGroup section */
	};
	rootObject = BF5AA9D825A6DBF200409FD4 /* Project object */;
}
